
Microsoft Visual Studio Solution File, Format Version 12.00
# Visual Studio Version 17
VisualStudioVersion = 17.14.36301.6
MinimumVisualStudioVersion = 10.0.40219.1
Project("{FAE04EC0-301F-11D3-BF4B-00C04F79EFBC}") = "DesktopChatApp", "DesktopChatApp\DesktopChatApp.csproj", "{3D146CA3-F1BB-4261-997A-7F87DD3840C0}"
EndProject
Project("{54435603-DBB4-11D2-8724-00A0C9A8B90C}") = "Mahin_Desktop_Chatpp", "..\..\..\..\Projects\Mahin_Desktop_Chatpp\Mahin_Desktop_Chatpp.vdproj", "{2DDFB09C-1690-DBBC-67C6-6AF1521EDFF4}"
EndProject
Global
	GlobalSection(SolutionConfigurationPlatforms) = preSolution
		Debug|Any CPU = Debug|Any CPU
		Release|Any CPU = Release|Any CPU
	EndGlobalSection
	GlobalSection(ProjectConfigurationPlatforms) = postSolution
		{3D146CA3-F1BB-4261-997A-7F87DD3840C0}.Debug|Any CPU.ActiveCfg = Debug|Any CPU
		{3D146CA3-F1BB-4261-997A-7F87DD3840C0}.Debug|Any CPU.Build.0 = Debug|Any CPU
		{3D146CA3-F1BB-4261-997A-7F87DD3840C0}.Release|Any CPU.ActiveCfg = Release|Any CPU
		{3D146CA3-F1BB-4261-997A-7F87DD3840C0}.Release|Any CPU.Build.0 = Release|Any CPU
		{2DDFB09C-1690-DBBC-67C6-6AF1521EDFF4}.Debug|Any CPU.ActiveCfg = Debug
		{2DDFB09C-1690-DBBC-67C6-6AF1521EDFF4}.Release|Any CPU.ActiveCfg = Release
	EndGlobalSection
	GlobalSection(SolutionProperties) = preSolution
		HideSolutionNode = FALSE
	EndGlobalSection
	GlobalSection(ExtensibilityGlobals) = postSolution
		SolutionGuid = {9D3DF464-4865-441A-A180-7A0C377CA1DF}
	EndGlobalSection
EndGlobal
